<?xml version="1.0" encoding="utf-8"?>
<Project ToolsVersion="4.0" xmlns="http://schemas.microsoft.com/developer/msbuild/2003">
  <ItemGroup>
    <Filter Include="Generated Files">
      <UniqueIdentifier>{71ED8ED8-ACB9-4CE9-BBE1-E00B30144E11}</UniqueIdentifier>
      <Extensions>cpp;c;cxx;moc;h;def;odl;idl;res;</Extensions>
    </Filter>
    <Filter Include="Generated Files">
      <UniqueIdentifier>{71ED8ED8-ACB9-4CE9-BBE1-E00B30144E11}</UniqueIdentifier>
      <Extensions>cpp;c;cxx;moc;h;def;odl;idl;res;</Extensions>
    </Filter>
    <Filter Include="Header Files">
      <UniqueIdentifier>{93995380-89BD-4b04-88EB-625FBE52EBFB}</UniqueIdentifier>
      <Extensions>h;hpp;hxx;hm;inl;inc;xsd</Extensions>
    </Filter>
    <Filter Include="Header Files">
      <UniqueIdentifier>{93995380-89BD-4b04-88EB-625FBE52EBFB}</UniqueIdentifier>
      <Extensions>h;hpp;hxx;hm;inl;inc;xsd</Extensions>
    </Filter>
    <Filter Include="Resource Files">
      <UniqueIdentifier>{D9D6E242-F8AF-46E4-B9FD-80ECBC20BA3E}</UniqueIdentifier>
      <Extensions>qrc;*</Extensions>
      <ParseFiles>false</ParseFiles>
    </Filter>
    <Filter Include="Resource Files">
      <UniqueIdentifier>{D9D6E242-F8AF-46E4-B9FD-80ECBC20BA3E}</UniqueIdentifier>
      <Extensions>qrc;*</Extensions>
      <ParseFiles>false</ParseFiles>
    </Filter>
    <Filter Include="Source Files">
      <UniqueIdentifier>{4FC737F1-C7A5-4376-A066-2A32D752A2FF}</UniqueIdentifier>
      <Extensions>cpp;c;cxx;def;odl;idl;hpj;bat;asm;asmx</Extensions>
    </Filter>
    <Filter Include="Source Files">
      <UniqueIdentifier>{4FC737F1-C7A5-4376-A066-2A32D752A2FF}</UniqueIdentifier>
      <Extensions>cpp;c;cxx;def;odl;idl;hpj;bat;asm;asmx</Extensions>
    </Filter>
    <Filter Include="Generated Files\Debug">
      <UniqueIdentifier>{a8f2f097-0651-4112-9dd3-324cb35dd349}</UniqueIdentifier>
      <Extensions>cpp;moc</Extensions>
      <SourceControlFiles>False</SourceControlFiles>
    </Filter>
    <Filter Include="Generated Files\Release">
      <UniqueIdentifier>{d3431d27-d762-45dc-b802-663233e14048}</UniqueIdentifier>
      <Extensions>cpp;moc</Extensions>
      <SourceControlFiles>False</SourceControlFiles>
    </Filter>
  </ItemGroup>
  <ItemGroup>
    <ClCompile Include="main.cpp">
      <Filter>Source Files</Filter>
    </ClCompile>
    <ClCompile Include="mainwindow.cpp">
      <Filter>Source Files</Filter>
    </ClCompile>
    <ClCompile Include="sketchchild.cpp">
      <Filter>Source Files</Filter>
    </ClCompile>
    <ClCompile Include="sketchdocument.cpp">
      <Filter>Source Files</Filter>
    </ClCompile>
    <ClCompile Include="sketchobject.cpp">
      <Filter>Source Files</Filter>
    </ClCompile>
    <ClCompile Include="sketchrepresentation.cpp">
      <Filter>Source Files</Filter>
    </ClCompile>
    <ClCompile Include="sketchtool.cpp">
      <Filter>Source Files</Filter>
    </ClCompile>
    <ClCompile Include="texteditchild.cpp">
      <Filter>Source Files</Filter>
    </ClCompile>
    <ClCompile Include="Debug\moc_mainwindow.cpp">
      <Filter>Generated Files\Debug</Filter>
    </ClCompile>
    <ClCompile Include="Release\moc_mainwindow.cpp">
      <Filter>Generated Files\Release</Filter>
    </ClCompile>
    <ClCompile Include="Debug\moc_sketchchild.cpp">
      <Filter>Generated Files\Debug</Filter>
    </ClCompile>
    <ClCompile Include="Release\moc_sketchchild.cpp">
      <Filter>Generated Files\Release</Filter>
    </ClCompile>
    <ClCompile Include="Debug\moc_sketchdocument.cpp">
      <Filter>Generated Files\Debug</Filter>
    </ClCompile>
    <ClCompile Include="Release\moc_sketchdocument.cpp">
      <Filter>Generated Files\Release</Filter>
    </ClCompile>
    <ClCompile Include="Debug\moc_sketchtool.cpp">
      <Filter>Generated Files\Debug</Filter>
    </ClCompile>
    <ClCompile Include="Release\moc_sketchtool.cpp">
      <Filter>Generated Files\Release</Filter>
    </ClCompile>
    <ClCompile Include="Debug\moc_texteditchild.cpp">
      <Filter>Generated Files\Debug</Filter>
    </ClCompile>
    <ClCompile Include="Release\moc_texteditchild.cpp">
      <Filter>Generated Files\Release</Filter>
    </ClCompile>
    <ClCompile Include="GeneratedFiles\qrc_ribbonmdi.cpp">
      <Filter>Generated Files</Filter>
    </ClCompile>
  </ItemGroup>
  <ItemGroup>
    <ClInclude Include="childinterface.h">
      <Filter>Header Files</Filter>
    </ClInclude>
    <CustomBuild Include="mainwindow.h">
      <Filter>Header Files</Filter>
    </CustomBuild>
    <CustomBuild Include="sketchchild.h">
      <Filter>Header Files</Filter>
    </CustomBuild>
    <CustomBuild Include="sketchdocument.h">
      <Filter>Header Files</Filter>
    </CustomBuild>
    <ClInclude Include="sketchobject.h">
      <Filter>Header Files</Filter>
    </ClInclude>
    <ClInclude Include="sketchrepresentation.h">
      <Filter>Header Files</Filter>
    </ClInclude>
    <CustomBuild Include="sketchtool.h">
      <Filter>Header Files</Filter>
    </CustomBuild>
    <CustomBuild Include="texteditchild.h">
      <Filter>Header Files</Filter>
    </CustomBuild>
  </ItemGroup>
  <ItemGroup>
    <None Include="..\..\shared\res\about.png">
      <Filter>Resource Files</Filter>
    </None>
    <None Include="res\arrangeicons.png">
      <Filter>Resource Files</Filter>
    </None>
    <None Include="res\centerCursor.png">
      <Filter>Resource Files</Filter>
    </None>
    <None Include="res\circle.png">
      <Filter>Resource Files</Filter>
    </None>
    <None Include="res\close.png">
      <Filter>Resource Files</Filter>
    </None>
    <None Include="res\createobject.png">
      <Filter>Resource Files</Filter>
    </None>
    <None Include="res\editorchild.png">
      <Filter>Resource Files</Filter>
    </None>
    <None Include="res\ellipse.png">
      <Filter>Resource Files</Filter>
    </None>
    <None Include="res\findObjectCursor.png">
      <Filter>Resource Files</Filter>
    </None>
    <None Include="res\firstCursor.png">
      <Filter>Resource Files</Filter>
    </None>
    <None Include="res\fullscreen.png">
      <Filter>Resource Files</Filter>
    </None>
    <None Include="res\line.png">
      <Filter>Resource Files</Filter>
    </None>
    <None Include="res\newwindow.png">
      <Filter>Resource Files</Filter>
    </None>
    <None Include="res\normal.png">
      <Filter>Resource Files</Filter>
    </None>
    <None Include="res\open.png">
      <Filter>Resource Files</Filter>
    </None>
    <None Include="res\paste.png">
      <Filter>Resource Files</Filter>
    </None>
    <None Include="res\printpreview.png">
      <Filter>Resource Files</Filter>
    </None>
    <None Include="..\..\shared\res\qtitan.png">
      <Filter>Resource Files</Filter>
    </None>
    <None Include="..\..\shared\res\qtitanlogo32x32.png">
      <Filter>Resource Files</Filter>
    </None>
    <None Include="res\rectangle.png">
      <Filter>Resource Files</Filter>
    </None>
    <None Include="res\repeat.png">
      <Filter>Resource Files</Filter>
    </None>
    <None Include="..\..\shared\res\ribbonMaximize.png">
      <Filter>Resource Files</Filter>
    </None>
    <None Include="..\..\shared\res\ribbonMinimize.png">
      <Filter>Resource Files</Filter>
    </None>
    <CustomBuild Include="ribbonmdi.qrc">
      <Filter>Resource Files</Filter>
    </CustomBuild>
    <None Include="res\save.png">
      <Filter>Resource Files</Filter>
    </None>
    <None Include="res\secondCursor.png">
      <Filter>Resource Files</Filter>
    </None>
    <None Include="res\selection.png">
      <Filter>Resource Files</Filter>
    </None>
    <None Include="res\sketch.png">
      <Filter>Resource Files</Filter>
    </None>
    <None Include="res\sketchchild.png">
      <Filter>Resource Files</Filter>
    </None>
    <None Include="res\smallSave.png">
      <Filter>Resource Files</Filter>
    </None>
    <None Include="res\smallalignleft.png">
      <Filter>Resource Files</Filter>
    </None>
    <None Include="res\smallalignright.png">
      <Filter>Resource Files</Filter>
    </None>
    <None Include="res\smallbullets.png">
      <Filter>Resource Files</Filter>
    </None>
    <None Include="res\smallcenter.png">
      <Filter>Resource Files</Filter>
    </None>
    <None Include="res\smallchangecase.png">
      <Filter>Resource Files</Filter>
    </None>
    <None Include="res\smallcolor.png">
      <Filter>Resource Files</Filter>
    </None>
    <None Include="res\smallcopy.png">
      <Filter>Resource Files</Filter>
    </None>
    <None Include="res\smallcut.png">
      <Filter>Resource Files</Filter>
    </None>
    <None Include="res\smalldecreaseindent.png">
      <Filter>Resource Files</Filter>
    </None>
    <None Include="res\smallfontclear.png">
      <Filter>Resource Files</Filter>
    </None>
    <None Include="res\smallfontgrow.png">
      <Filter>Resource Files</Filter>
    </None>
    <None Include="res\smallfontshrink.png">
      <Filter>Resource Files</Filter>
    </None>
    <None Include="res\smallformatpainter.png">
      <Filter>Resource Files</Filter>
    </None>
    <None Include="res\smallincreaseindent.png">
      <Filter>Resource Files</Filter>
    </None>
    <None Include="res\smalljustify.png">
      <Filter>Resource Files</Filter>
    </None>
    <None Include="res\smalllinespacing.png">
      <Filter>Resource Files</Filter>
    </None>
    <None Include="res\smallmultilevellist.png">
      <Filter>Resource Files</Filter>
    </None>
    <None Include="res\smallnoborder.png">
      <Filter>Resource Files</Filter>
    </None>
    <None Include="res\smallnumbering.png">
      <Filter>Resource Files</Filter>
    </None>
    <None Include="res\smallshading.png">
      <Filter>Resource Files</Filter>
    </None>
    <None Include="res\smallshow_hide_marks.png">
      <Filter>Resource Files</Filter>
    </None>
    <None Include="res\smallsort.png">
      <Filter>Resource Files</Filter>
    </None>
    <None Include="res\smallstrikethrough.png">
      <Filter>Resource Files</Filter>
    </None>
    <None Include="res\smallsubscript.png">
      <Filter>Resource Files</Filter>
    </None>
    <None Include="res\smallsuperscript.png">
      <Filter>Resource Files</Filter>
    </None>
    <None Include="res\smalltextbold.png">
      <Filter>Resource Files</Filter>
    </None>
    <None Include="res\smalltextitalic.png">
      <Filter>Resource Files</Filter>
    </None>
    <None Include="res\smalltextunder.png">
      <Filter>Resource Files</Filter>
    </None>
    <None Include="res\stoptool.png">
      <Filter>Resource Files</Filter>
    </None>
    <None Include="..\..\shared\res\sysbutton.png">
      <Filter>Resource Files</Filter>
    </None>
    <None Include="res\textedit.png">
      <Filter>Resource Files</Filter>
    </None>
    <None Include="res\windowswitch.png">
      <Filter>Resource Files</Filter>
    </None>
  </ItemGroup>
</Project>